<?xml version="1.0" encoding="utf-8"?>
<Project ToolsVersion="4.0" xmlns="http://schemas.microsoft.com/developer/msbuild/2003">
  <ItemGroup>
    <ClCompile Include="pch.cpp" />
    <ClCompile Include="FooTest.cpp" />
    <ClCompile Include="SListTest.cpp" />
    <ClCompile Include="Foo.cpp" />
    <ClCompile Include="VectorTest.cpp" />
    <ClCompile Include="HashMapTest.cpp" />
    <ClCompile Include="Bar.cpp" />
    <ClCompile Include="DatumTest.cpp" />
    <ClCompile Include="ScopeTest.cpp" />
    <ClCompile Include="AttributedFoo.cpp" />
    <ClCompile Include="TestModuleInitialize.cpp" />
    <ClCompile Include="AttributedTest.cpp" />
    <ClCompile Include="JsonCppTest.cpp" />
    <ClCompile Include="JsonParseMasterTest.cpp" />
    <ClCompile Include="JsonTestParseHelper.cpp" />
    <ClCompile Include="JsonIntegerParseHelper.cpp" />
    <ClCompile Include="JsonTableParseHelperTest.cpp" />
    <ClCompile Include="FactoryTest.cpp" />
  </ItemGroup>
  <ItemGroup>
    <ClInclude Include="pch.h" />
    <ClInclude Include="Foo.h" />
    <ClInclude Include="Bar.h" />
    <ClInclude Include="AttributedFoo.h" />
    <ClInclude Include="JsonTestParseHelper.h" />
    <ClInclude Include="JsonIntegerParseHelper.h" />
  </ItemGroup>
</Project>